// !$*UTF8*$!
{
	archiveVersion = 1;
	classes = {
	};
	objectVersion = 46;
	objects = {

/* Begin PBXBuildFile section */
		A705623EB2A5B844EFA9B2EF /* Pods_ComicStripApp.framework in Frameworks */ = {isa = PBXBuildFile; fileRef = 53B8B5AD97A2BC52E71B4788 /* Pods_ComicStripApp.framework */; };
		AB046A691EC3E06900249542 /* ComicStripPhotoAlbum.swift in Sources */ = {isa = PBXBuildFile; fileRef = AB046A681EC3E06900249542 /* ComicStripPhotoAlbum.swift */; };
		AB046A6E1EC3E82A00249542 /* ComicToolbarButton.swift in Sources */ = {isa = PBXBuildFile; fileRef = AB046A6D1EC3E82A00249542 /* ComicToolbarButton.swift */; };
		AB046A701EC3EC7500249542 /* ComicToolbarButton.xib in Resources */ = {isa = PBXBuildFile; fileRef = AB046A6F1EC3EC7500249542 /* ComicToolbarButton.xib */; };
		AB046A731EC41D5C00249542 /* ComicStripContainer.swift in Sources */ = {isa = PBXBuildFile; fileRef = AB046A721EC41D5C00249542 /* ComicStripContainer.swift */; };
		AB14F8911EBD8E2500B5FBBE /* BaseDialogBubble.swift in Sources */ = {isa = PBXBuildFile; fileRef = AB14F8901EBD8E2500B5FBBE /* BaseDialogBubble.swift */; };
		AB25F31B1EC3A31700BBD66D /* ComicStripLayoutSelectionViewController.swift in Sources */ = {isa = PBXBuildFile; fileRef = AB25F31A1EC3A31700BBD66D /* ComicStripLayoutSelectionViewController.swift */; };
		AB25F3201EC3A74300BBD66D /* ComicStripCell.swift in Sources */ = {isa = PBXBuildFile; fileRef = AB25F31F1EC3A74300BBD66D /* ComicStripCell.swift */; };
		AB2F04C61EC047E900B3BC37 /* Assets.xcassets in Resources */ = {isa = PBXBuildFile; fileRef = AB2F04C51EC047E900B3BC37 /* Assets.xcassets */; };
		AB325B011EB1A38C0037C3BE /* GPUImage.framework in Frameworks */ = {isa = PBXBuildFile; fileRef = AB325AF71EB1A2FB0037C3BE /* GPUImage.framework */; };
		AB325B021EB1A3980037C3BE /* GPUImage.framework in CopyFiles */ = {isa = PBXBuildFile; fileRef = AB325AF71EB1A2FB0037C3BE /* GPUImage.framework */; settings = {ATTRIBUTES = (CodeSignOnCopy, RemoveHeadersOnCopy, ); }; };
		AB8E85001EA9AAE1003DDDD5 /* AppDelegate.swift in Sources */ = {isa = PBXBuildFile; fileRef = AB8E84FF1EA9AAE1003DDDD5 /* AppDelegate.swift */; };
		AB8E85051EA9AAE1003DDDD5 /* Main.storyboard in Resources */ = {isa = PBXBuildFile; fileRef = AB8E85031EA9AAE1003DDDD5 /* Main.storyboard */; };
		AB8E85081EA9AAE1003DDDD5 /* ComicStripApp.xcdatamodeld in Sources */ = {isa = PBXBuildFile; fileRef = AB8E85061EA9AAE1003DDDD5 /* ComicStripApp.xcdatamodeld */; };
		AB8E850D1EA9AAE1003DDDD5 /* LaunchScreen.storyboard in Resources */ = {isa = PBXBuildFile; fileRef = AB8E850B1EA9AAE1003DDDD5 /* LaunchScreen.storyboard */; };
		AB8E85181EA9AC49003DDDD5 /* MainViewController.swift in Sources */ = {isa = PBXBuildFile; fileRef = AB8E85171EA9AC49003DDDD5 /* MainViewController.swift */; };
		AB9282CB1EBFCCF30039B55C /* UIImageExtensions.swift in Sources */ = {isa = PBXBuildFile; fileRef = AB9282CA1EBFCCF30039B55C /* UIImageExtensions.swift */; };
		ABAA16FF1EB1CD5B00C96694 /* ComicStylingToolbar.swift in Sources */ = {isa = PBXBuildFile; fileRef = ABAA16FE1EB1CD5B00C96694 /* ComicStylingToolbar.swift */; };
		ABAA17041EB1CDDF00C96694 /* ComicStylingToolbar.xib in Resources */ = {isa = PBXBuildFile; fileRef = ABAA17031EB1CDDF00C96694 /* ComicStylingToolbar.xib */; };
		ABAA17061EB1DEBB00C96694 /* ThoughtBubble.swift in Sources */ = {isa = PBXBuildFile; fileRef = ABAA17051EB1DEBB00C96694 /* ThoughtBubble.swift */; };
		ABAA170C1EB1E77200C96694 /* BackIssuesBB_boldital.ttf in Resources */ = {isa = PBXBuildFile; fileRef = ABAA17091EB1E77200C96694 /* BackIssuesBB_boldital.ttf */; };
		ABAA170D1EB1E77200C96694 /* BackIssuesBB_ital.ttf in Resources */ = {isa = PBXBuildFile; fileRef = ABAA170A1EB1E77200C96694 /* BackIssuesBB_ital.ttf */; };
		ABAA170E1EB1E77200C96694 /* BackIssuesBB_reg.ttf in Resources */ = {isa = PBXBuildFile; fileRef = ABAA170B1EB1E77200C96694 /* BackIssuesBB_reg.ttf */; };
		ABAA17101EB1EF3200C96694 /* BADABB__.TTF in Resources */ = {isa = PBXBuildFile; fileRef = ABAA170F1EB1EF3200C96694 /* BADABB__.TTF */; };
		ABAA17121EB4F7F800C96694 /* ComicElementSelectionViewController.swift in Sources */ = {isa = PBXBuildFile; fileRef = ABAA17111EB4F7F800C96694 /* ComicElementSelectionViewController.swift */; };
		ABAA17141EB4FE6F00C96694 /* ComicFrameElementCell.swift in Sources */ = {isa = PBXBuildFile; fileRef = ABAA17131EB4FE6F00C96694 /* ComicFrameElementCell.swift */; };
		ABAA17161EB5135400C96694 /* ComicFrame.swift in Sources */ = {isa = PBXBuildFile; fileRef = ABAA17151EB5135400C96694 /* ComicFrame.swift */; };
		ABAA17181EB513EF00C96694 /* ComicFrame.xib in Resources */ = {isa = PBXBuildFile; fileRef = ABAA17171EB513EF00C96694 /* ComicFrame.xib */; };
		ABAA171A1EB6344A00C96694 /* UIViewExtensions.swift in Sources */ = {isa = PBXBuildFile; fileRef = ABAA17191EB6344A00C96694 /* UIViewExtensions.swift */; };
		ABAA171E1EB63D2100C96694 /* SoundEffect.swift in Sources */ = {isa = PBXBuildFile; fileRef = ABAA171D1EB63D2100C96694 /* SoundEffect.swift */; };
		ABAA17201EB6507300C96694 /* ClassicSpeechBubble.swift in Sources */ = {isa = PBXBuildFile; fileRef = ABAA171F1EB6507300C96694 /* ClassicSpeechBubble.swift */; };
		ABFD5D6B1EC2F705006BB646 /* ComicStrip.swift in Sources */ = {isa = PBXBuildFile; fileRef = ABFD5D6A1EC2F705006BB646 /* ComicStrip.swift */; };
		B339271D1EB8BD2800B452D9 /* ComicboardViewController.swift in Sources */ = {isa = PBXBuildFile; fileRef = B339271C1EB8BD2800B452D9 /* ComicboardViewController.swift */; };
		B37A1A431EBCFE64007C615F /* Utils.swift in Sources */ = {isa = PBXBuildFile; fileRef = B37A1A421EBCFE64007C615F /* Utils.swift */; };
/* End PBXBuildFile section */

/* Begin PBXContainerItemProxy section */
		AB325AF21EB1A2FB0037C3BE /* PBXContainerItemProxy */ = {
			isa = PBXContainerItemProxy;
			containerPortal = AB325AEB1EB1A2FB0037C3BE /* GPUImage.xcodeproj */;
			proxyType = 2;
			remoteGlobalIDString = BC6E7CAB1C39A9D8006DF678;
			remoteInfo = GPUImage_macOS;
		};
		AB325AF41EB1A2FB0037C3BE /* PBXContainerItemProxy */ = {
			isa = PBXContainerItemProxy;
			containerPortal = AB325AEB1EB1A2FB0037C3BE /* GPUImage.xcodeproj */;
			proxyType = 2;
			remoteGlobalIDString = BC6E7CB51C39A9D8006DF678;
			remoteInfo = GPUImageTests_macOS;
		};
		AB325AF61EB1A2FB0037C3BE /* PBXContainerItemProxy */ = {
			isa = PBXContainerItemProxy;
			containerPortal = AB325AEB1EB1A2FB0037C3BE /* GPUImage.xcodeproj */;
			proxyType = 2;
			remoteGlobalIDString = BC9E34E91E524A2200B8604F;
			remoteInfo = GPUImage_iOS;
		};
		AB325AF81EB1A2FB0037C3BE /* PBXContainerItemProxy */ = {
			isa = PBXContainerItemProxy;
			containerPortal = AB325AEB1EB1A2FB0037C3BE /* GPUImage.xcodeproj */;
			proxyType = 2;
			remoteGlobalIDString = BC9E34F11E524A2200B8604F;
			remoteInfo = GPUImageTests_iOS;
		};
		AB325AFF1EB1A36F0037C3BE /* PBXContainerItemProxy */ = {
			isa = PBXContainerItemProxy;
			containerPortal = AB325AEB1EB1A2FB0037C3BE /* GPUImage.xcodeproj */;
			proxyType = 1;
			remoteGlobalIDString = BC9E34E81E524A2200B8604F;
			remoteInfo = GPUImage_iOS;
		};
/* End PBXContainerItemProxy section */

/* Begin PBXCopyFilesBuildPhase section */
		AB7C0D601EA9D42D0089A040 /* CopyFiles */ = {
			isa = PBXCopyFilesBuildPhase;
			buildActionMask = 2147483647;
			dstPath = "";
			dstSubfolderSpec = 10;
			files = (
				AB325B021EB1A3980037C3BE /* GPUImage.framework in CopyFiles */,
			);
			runOnlyForDeploymentPostprocessing = 0;
		};
/* End PBXCopyFilesBuildPhase section */

/* Begin PBXFileReference section */
		53B8B5AD97A2BC52E71B4788 /* Pods_ComicStripApp.framework */ = {isa = PBXFileReference; explicitFileType = wrapper.framework; includeInIndex = 0; path = Pods_ComicStripApp.framework; sourceTree = BUILT_PRODUCTS_DIR; };
		593970CE05D7696B8DE3048C /* Pods-ComicStripApp.debug.xcconfig */ = {isa = PBXFileReference; includeInIndex = 1; lastKnownFileType = text.xcconfig; name = "Pods-ComicStripApp.debug.xcconfig"; path = "Pods/Target Support Files/Pods-ComicStripApp/Pods-ComicStripApp.debug.xcconfig"; sourceTree = "<group>"; };
		AB046A681EC3E06900249542 /* ComicStripPhotoAlbum.swift */ = {isa = PBXFileReference; fileEncoding = 4; lastKnownFileType = sourcecode.swift; path = ComicStripPhotoAlbum.swift; sourceTree = "<group>"; };
		AB046A6D1EC3E82A00249542 /* ComicToolbarButton.swift */ = {isa = PBXFileReference; fileEncoding = 4; lastKnownFileType = sourcecode.swift; path = ComicToolbarButton.swift; sourceTree = "<group>"; };
		AB046A6F1EC3EC7500249542 /* ComicToolbarButton.xib */ = {isa = PBXFileReference; fileEncoding = 4; lastKnownFileType = file.xib; path = ComicToolbarButton.xib; sourceTree = "<group>"; };
		AB046A721EC41D5C00249542 /* ComicStripContainer.swift */ = {isa = PBXFileReference; fileEncoding = 4; lastKnownFileType = sourcecode.swift; path = ComicStripContainer.swift; sourceTree = "<group>"; };
		AB14F8901EBD8E2500B5FBBE /* BaseDialogBubble.swift */ = {isa = PBXFileReference; fileEncoding = 4; lastKnownFileType = sourcecode.swift; path = BaseDialogBubble.swift; sourceTree = "<group>"; };
		AB25F31A1EC3A31700BBD66D /* ComicStripLayoutSelectionViewController.swift */ = {isa = PBXFileReference; fileEncoding = 4; lastKnownFileType = sourcecode.swift; path = ComicStripLayoutSelectionViewController.swift; sourceTree = "<group>"; };
		AB25F31F1EC3A74300BBD66D /* ComicStripCell.swift */ = {isa = PBXFileReference; fileEncoding = 4; lastKnownFileType = sourcecode.swift; path = ComicStripCell.swift; sourceTree = "<group>"; };
		AB2F04C51EC047E900B3BC37 /* Assets.xcassets */ = {isa = PBXFileReference; lastKnownFileType = folder.assetcatalog; path = Assets.xcassets; sourceTree = "<group>"; };
		AB325AEB1EB1A2FB0037C3BE /* GPUImage.xcodeproj */ = {isa = PBXFileReference; lastKnownFileType = "wrapper.pb-project"; name = GPUImage.xcodeproj; path = GPUImage/GPUImage.xcodeproj; sourceTree = "<group>"; };
		AB8E84FC1EA9AAE1003DDDD5 /* ComicStripApp.app */ = {isa = PBXFileReference; explicitFileType = wrapper.application; includeInIndex = 0; path = ComicStripApp.app; sourceTree = BUILT_PRODUCTS_DIR; };
		AB8E84FF1EA9AAE1003DDDD5 /* AppDelegate.swift */ = {isa = PBXFileReference; lastKnownFileType = sourcecode.swift; path = AppDelegate.swift; sourceTree = "<group>"; };
		AB8E85041EA9AAE1003DDDD5 /* Base */ = {isa = PBXFileReference; lastKnownFileType = file.storyboard; name = Base; path = Base.lproj/Main.storyboard; sourceTree = "<group>"; };
		AB8E85071EA9AAE1003DDDD5 /* ComicStripApp.xcdatamodel */ = {isa = PBXFileReference; lastKnownFileType = wrapper.xcdatamodel; path = ComicStripApp.xcdatamodel; sourceTree = "<group>"; };
		AB8E850C1EA9AAE1003DDDD5 /* Base */ = {isa = PBXFileReference; lastKnownFileType = file.storyboard; name = Base; path = Base.lproj/LaunchScreen.storyboard; sourceTree = "<group>"; };
		AB8E850E1EA9AAE1003DDDD5 /* Info.plist */ = {isa = PBXFileReference; lastKnownFileType = text.plist.xml; path = Info.plist; sourceTree = "<group>"; };
		AB8E85171EA9AC49003DDDD5 /* MainViewController.swift */ = {isa = PBXFileReference; fileEncoding = 4; lastKnownFileType = sourcecode.swift; path = MainViewController.swift; sourceTree = "<group>"; };
		AB9282CA1EBFCCF30039B55C /* UIImageExtensions.swift */ = {isa = PBXFileReference; fileEncoding = 4; lastKnownFileType = sourcecode.swift; path = UIImageExtensions.swift; sourceTree = "<group>"; };
		ABAA16FE1EB1CD5B00C96694 /* ComicStylingToolbar.swift */ = {isa = PBXFileReference; fileEncoding = 4; lastKnownFileType = sourcecode.swift; path = ComicStylingToolbar.swift; sourceTree = "<group>"; };
		ABAA17031EB1CDDF00C96694 /* ComicStylingToolbar.xib */ = {isa = PBXFileReference; fileEncoding = 4; lastKnownFileType = file.xib; path = ComicStylingToolbar.xib; sourceTree = "<group>"; };
		ABAA17051EB1DEBB00C96694 /* ThoughtBubble.swift */ = {isa = PBXFileReference; fileEncoding = 4; lastKnownFileType = sourcecode.swift; path = ThoughtBubble.swift; sourceTree = "<group>"; };
		ABAA17091EB1E77200C96694 /* BackIssuesBB_boldital.ttf */ = {isa = PBXFileReference; lastKnownFileType = file; path = BackIssuesBB_boldital.ttf; sourceTree = "<group>"; };
		ABAA170A1EB1E77200C96694 /* BackIssuesBB_ital.ttf */ = {isa = PBXFileReference; lastKnownFileType = file; path = BackIssuesBB_ital.ttf; sourceTree = "<group>"; };
		ABAA170B1EB1E77200C96694 /* BackIssuesBB_reg.ttf */ = {isa = PBXFileReference; lastKnownFileType = file; path = BackIssuesBB_reg.ttf; sourceTree = "<group>"; };
		ABAA170F1EB1EF3200C96694 /* BADABB__.TTF */ = {isa = PBXFileReference; lastKnownFileType = file; path = BADABB__.TTF; sourceTree = "<group>"; };
		ABAA17111EB4F7F800C96694 /* ComicElementSelectionViewController.swift */ = {isa = PBXFileReference; fileEncoding = 4; lastKnownFileType = sourcecode.swift; path = ComicElementSelectionViewController.swift; sourceTree = "<group>"; };
		ABAA17131EB4FE6F00C96694 /* ComicFrameElementCell.swift */ = {isa = PBXFileReference; fileEncoding = 4; lastKnownFileType = sourcecode.swift; path = ComicFrameElementCell.swift; sourceTree = "<group>"; };
		ABAA17151EB5135400C96694 /* ComicFrame.swift */ = {isa = PBXFileReference; fileEncoding = 4; lastKnownFileType = sourcecode.swift; path = ComicFrame.swift; sourceTree = "<group>"; };
		ABAA17171EB513EF00C96694 /* ComicFrame.xib */ = {isa = PBXFileReference; fileEncoding = 4; lastKnownFileType = file.xib; path = ComicFrame.xib; sourceTree = "<group>"; };
		ABAA17191EB6344A00C96694 /* UIViewExtensions.swift */ = {isa = PBXFileReference; fileEncoding = 4; lastKnownFileType = sourcecode.swift; path = UIViewExtensions.swift; sourceTree = "<group>"; };
		ABAA171D1EB63D2100C96694 /* SoundEffect.swift */ = {isa = PBXFileReference; fileEncoding = 4; lastKnownFileType = sourcecode.swift; path = SoundEffect.swift; sourceTree = "<group>"; };
		ABAA171F1EB6507300C96694 /* ClassicSpeechBubble.swift */ = {isa = PBXFileReference; fileEncoding = 4; lastKnownFileType = sourcecode.swift; path = ClassicSpeechBubble.swift; sourceTree = "<group>"; };
		ABFD5D6A1EC2F705006BB646 /* ComicStrip.swift */ = {isa = PBXFileReference; fileEncoding = 4; lastKnownFileType = sourcecode.swift; path = ComicStrip.swift; sourceTree = "<group>"; };
		AEDDE2EA28187AF0C7D8D4B7 /* Pods-ComicStripApp.release.xcconfig */ = {isa = PBXFileReference; includeInIndex = 1; lastKnownFileType = text.xcconfig; name = "Pods-ComicStripApp.release.xcconfig"; path = "Pods/Target Support Files/Pods-ComicStripApp/Pods-ComicStripApp.release.xcconfig"; sourceTree = "<group>"; };
		B339271C1EB8BD2800B452D9 /* ComicboardViewController.swift */ = {isa = PBXFileReference; fileEncoding = 4; lastKnownFileType = sourcecode.swift; path = ComicboardViewController.swift; sourceTree = "<group>"; };
		B37A1A421EBCFE64007C615F /* Utils.swift */ = {isa = PBXFileReference; fileEncoding = 4; lastKnownFileType = sourcecode.swift; path = Utils.swift; sourceTree = "<group>"; };
/* End PBXFileReference section */

/* Begin PBXFrameworksBuildPhase section */
		AB8E84F91EA9AAE0003DDDD5 /* Frameworks */ = {
			isa = PBXFrameworksBuildPhase;
			buildActionMask = 2147483647;
			files = (
				AB325B011EB1A38C0037C3BE /* GPUImage.framework in Frameworks */,
				A705623EB2A5B844EFA9B2EF /* Pods_ComicStripApp.framework in Frameworks */,
			);
			runOnlyForDeploymentPostprocessing = 0;
		};
/* End PBXFrameworksBuildPhase section */

/* Begin PBXGroup section */
		AB046A711EC3F08A00249542 /* Toolbar */ = {
			isa = PBXGroup;
			children = (
				ABAA16FE1EB1CD5B00C96694 /* ComicStylingToolbar.swift */,
				ABAA17031EB1CDDF00C96694 /* ComicStylingToolbar.xib */,
				AB046A6D1EC3E82A00249542 /* ComicToolbarButton.swift */,
				AB046A6F1EC3EC7500249542 /* ComicToolbarButton.xib */,
			);
			name = Toolbar;
			sourceTree = "<group>";
		};
		AB325AEC1EB1A2FB0037C3BE /* Products */ = {
			isa = PBXGroup;
			children = (
				AB325AF31EB1A2FB0037C3BE /* GPUImage.framework */,
				AB325AF51EB1A2FB0037C3BE /* GPUImageTests_macOS.xctest */,
				AB325AF71EB1A2FB0037C3BE /* GPUImage.framework */,
				AB325AF91EB1A2FB0037C3BE /* GPUImageTests_iOS.xctest */,
			);
			name = Products;
			sourceTree = "<group>";
		};
		AB8E84F31EA9AAE0003DDDD5 = {
			isa = PBXGroup;
			children = (
				AB8E84FE1EA9AAE1003DDDD5 /* ComicStripApp */,
				AB8E84FD1EA9AAE1003DDDD5 /* Products */,
				AB325AEB1EB1A2FB0037C3BE /* GPUImage.xcodeproj */,
				AF13FAC539268F9CA85B5372 /* Pods */,
				ED29A7E32CDAE21181D50920 /* Frameworks */,
			);
			sourceTree = "<group>";
		};
		AB8E84FD1EA9AAE1003DDDD5 /* Products */ = {
			isa = PBXGroup;
			children = (
				AB8E84FC1EA9AAE1003DDDD5 /* ComicStripApp.app */,
			);
			name = Products;
			sourceTree = "<group>";
		};
		AB8E84FE1EA9AAE1003DDDD5 /* ComicStripApp */ = {
			isa = PBXGroup;
			children = (
				ABAA17071EB1E73E00C96694 /* Assets */,
				AB8E85161EA9AB43003DDDD5 /* Model */,
				AB8E85151EA9AB38003DDDD5 /* View */,
				AB8E85141EA9AB31003DDDD5 /* ViewController */,
				AB8E84FF1EA9AAE1003DDDD5 /* AppDelegate.swift */,
				AB8E85031EA9AAE1003DDDD5 /* Main.storyboard */,
				AB8E850B1EA9AAE1003DDDD5 /* LaunchScreen.storyboard */,
				AB8E850E1EA9AAE1003DDDD5 /* Info.plist */,
				AB8E85061EA9AAE1003DDDD5 /* ComicStripApp.xcdatamodeld */,
			);
			path = ComicStripApp;
			sourceTree = "<group>";
		};
		AB8E85141EA9AB31003DDDD5 /* ViewController */ = {
			isa = PBXGroup;
			children = (
				AB8E85171EA9AC49003DDDD5 /* MainViewController.swift */,
				ABAA17111EB4F7F800C96694 /* ComicElementSelectionViewController.swift */,
				B339271C1EB8BD2800B452D9 /* ComicboardViewController.swift */,
				B37A1A421EBCFE64007C615F /* Utils.swift */,
				AB25F31A1EC3A31700BBD66D /* ComicStripLayoutSelectionViewController.swift */,
				AB046A721EC41D5C00249542 /* ComicStripContainer.swift */,
			);
			name = ViewController;
			sourceTree = "<group>";
		};
		AB8E85151EA9AB38003DDDD5 /* View */ = {
			isa = PBXGroup;
			children = (
				AB046A711EC3F08A00249542 /* Toolbar */,
				ABAA171C1EB63CF800C96694 /* SoundEffects */,
				ABAA171B1EB63CE700C96694 /* DialogBubbles */,
				ABAA17131EB4FE6F00C96694 /* ComicFrameElementCell.swift */,
				ABAA17151EB5135400C96694 /* ComicFrame.swift */,
				ABAA17171EB513EF00C96694 /* ComicFrame.xib */,
				ABAA17191EB6344A00C96694 /* UIViewExtensions.swift */,
				AB9282CA1EBFCCF30039B55C /* UIImageExtensions.swift */,
				ABFD5D6A1EC2F705006BB646 /* ComicStrip.swift */,
				AB25F31F1EC3A74300BBD66D /* ComicStripCell.swift */,
			);
			name = View;
			sourceTree = "<group>";
		};
		AB8E85161EA9AB43003DDDD5 /* Model */ = {
			isa = PBXGroup;
			children = (
				AB046A681EC3E06900249542 /* ComicStripPhotoAlbum.swift */,
			);
			name = Model;
			sourceTree = "<group>";
		};
		ABAA17071EB1E73E00C96694 /* Assets */ = {
			isa = PBXGroup;
			children = (
				AB2F04C51EC047E900B3BC37 /* Assets.xcassets */,
				ABAA17081EB1E75400C96694 /* Fonts */,
			);
			name = Assets;
			sourceTree = "<group>";
		};
		ABAA17081EB1E75400C96694 /* Fonts */ = {
			isa = PBXGroup;
			children = (
				ABAA170F1EB1EF3200C96694 /* BADABB__.TTF */,
				ABAA17091EB1E77200C96694 /* BackIssuesBB_boldital.ttf */,
				ABAA170A1EB1E77200C96694 /* BackIssuesBB_ital.ttf */,
				ABAA170B1EB1E77200C96694 /* BackIssuesBB_reg.ttf */,
			);
			name = Fonts;
			sourceTree = "<group>";
		};
		ABAA171B1EB63CE700C96694 /* DialogBubbles */ = {
			isa = PBXGroup;
			children = (
				ABAA17051EB1DEBB00C96694 /* ThoughtBubble.swift */,
				ABAA171F1EB6507300C96694 /* ClassicSpeechBubble.swift */,
				AB14F8901EBD8E2500B5FBBE /* BaseDialogBubble.swift */,
			);
			name = DialogBubbles;
			sourceTree = "<group>";
		};
		ABAA171C1EB63CF800C96694 /* SoundEffects */ = {
			isa = PBXGroup;
			children = (
				ABAA171D1EB63D2100C96694 /* SoundEffect.swift */,
			);
			name = SoundEffects;
			sourceTree = "<group>";
		};
		AF13FAC539268F9CA85B5372 /* Pods */ = {
			isa = PBXGroup;
			children = (
				593970CE05D7696B8DE3048C /* Pods-ComicStripApp.debug.xcconfig */,
				AEDDE2EA28187AF0C7D8D4B7 /* Pods-ComicStripApp.release.xcconfig */,
			);
			name = Pods;
			sourceTree = "<group>";
		};
		ED29A7E32CDAE21181D50920 /* Frameworks */ = {
			isa = PBXGroup;
			children = (
				53B8B5AD97A2BC52E71B4788 /* Pods_ComicStripApp.framework */,
			);
			name = Frameworks;
			sourceTree = "<group>";
		};
/* End PBXGroup section */

/* Begin PBXNativeTarget section */
		AB8E84FB1EA9AAE0003DDDD5 /* ComicStripApp */ = {
			isa = PBXNativeTarget;
			buildConfigurationList = AB8E85111EA9AAE1003DDDD5 /* Build configuration list for PBXNativeTarget "ComicStripApp" */;
			buildPhases = (
				D018717E0471DF9B953DF1B1 /* [CP] Check Pods Manifest.lock */,
				AB8E84F81EA9AAE0003DDDD5 /* Sources */,
				AB8E84F91EA9AAE0003DDDD5 /* Frameworks */,
				AB8E84FA1EA9AAE0003DDDD5 /* Resources */,
				AB7C0D601EA9D42D0089A040 /* CopyFiles */,
				AC3B220E7FF61314BB66091D /* [CP] Embed Pods Frameworks */,
				4CDB24D73A3C836B7024EB85 /* [CP] Copy Pods Resources */,
			);
			buildRules = (
			);
			dependencies = (
				AB325B001EB1A36F0037C3BE /* PBXTargetDependency */,
			);
			name = ComicStripApp;
			productName = ComicStripApp;
			productReference = AB8E84FC1EA9AAE1003DDDD5 /* ComicStripApp.app */;
			productType = "com.apple.product-type.application";
		};
/* End PBXNativeTarget section */

/* Begin PBXProject section */
		AB8E84F41EA9AAE0003DDDD5 /* Project object */ = {
			isa = PBXProject;
			attributes = {
				LastSwiftUpdateCheck = 0830;
				LastUpgradeCheck = 0830;
				ORGANIZATIONNAME = comicStripClub;
				TargetAttributes = {
					AB8E84FB1EA9AAE0003DDDD5 = {
						CreatedOnToolsVersion = 8.3.1;
						DevelopmentTeam = 77743F68A6;
						ProvisioningStyle = Automatic;
					};
				};
			};
			buildConfigurationList = AB8E84F71EA9AAE0003DDDD5 /* Build configuration list for PBXProject "ComicStripApp" */;
			compatibilityVersion = "Xcode 3.2";
			developmentRegion = English;
			hasScannedForEncodings = 0;
			knownRegions = (
				en,
				Base,
			);
			mainGroup = AB8E84F31EA9AAE0003DDDD5;
			productRefGroup = AB8E84FD1EA9AAE1003DDDD5 /* Products */;
			projectDirPath = "";
			projectReferences = (
				{
					ProductGroup = AB325AEC1EB1A2FB0037C3BE /* Products */;
					ProjectRef = AB325AEB1EB1A2FB0037C3BE /* GPUImage.xcodeproj */;
				},
			);
			projectRoot = "";
			targets = (
				AB8E84FB1EA9AAE0003DDDD5 /* ComicStripApp */,
			);
		};
/* End PBXProject section */

/* Begin PBXReferenceProxy section */
		AB325AF31EB1A2FB0037C3BE /* GPUImage.framework */ = {
			isa = PBXReferenceProxy;
			fileType = wrapper.framework;
			path = GPUImage.framework;
			remoteRef = AB325AF21EB1A2FB0037C3BE /* PBXContainerItemProxy */;
			sourceTree = BUILT_PRODUCTS_DIR;
		};
		AB325AF51EB1A2FB0037C3BE /* GPUImageTests_macOS.xctest */ = {
			isa = PBXReferenceProxy;
			fileType = wrapper.cfbundle;
			path = GPUImageTests_macOS.xctest;
			remoteRef = AB325AF41EB1A2FB0037C3BE /* PBXContainerItemProxy */;
			sourceTree = BUILT_PRODUCTS_DIR;
		};
		AB325AF71EB1A2FB0037C3BE /* GPUImage.framework */ = {
			isa = PBXReferenceProxy;
			fileType = wrapper.framework;
			path = GPUImage.framework;
			remoteRef = AB325AF61EB1A2FB0037C3BE /* PBXContainerItemProxy */;
			sourceTree = BUILT_PRODUCTS_DIR;
		};
		AB325AF91EB1A2FB0037C3BE /* GPUImageTests_iOS.xctest */ = {
			isa = PBXReferenceProxy;
			fileType = wrapper.cfbundle;
			path = GPUImageTests_iOS.xctest;
			remoteRef = AB325AF81EB1A2FB0037C3BE /* PBXContainerItemProxy */;
			sourceTree = BUILT_PRODUCTS_DIR;
		};
/* End PBXReferenceProxy section */

/* Begin PBXResourcesBuildPhase section */
		AB8E84FA1EA9AAE0003DDDD5 /* Resources */ = {
			isa = PBXResourcesBuildPhase;
			buildActionMask = 2147483647;
			files = (
				ABAA17041EB1CDDF00C96694 /* ComicStylingToolbar.xib in Resources */,
				ABAA170D1EB1E77200C96694 /* BackIssuesBB_ital.ttf in Resources */,
				ABAA17181EB513EF00C96694 /* ComicFrame.xib in Resources */,
				ABAA17101EB1EF3200C96694 /* BADABB__.TTF in Resources */,
				ABAA170E1EB1E77200C96694 /* BackIssuesBB_reg.ttf in Resources */,
				ABAA170C1EB1E77200C96694 /* BackIssuesBB_boldital.ttf in Resources */,
				AB8E850D1EA9AAE1003DDDD5 /* LaunchScreen.storyboard in Resources */,
				AB046A701EC3EC7500249542 /* ComicToolbarButton.xib in Resources */,
				AB2F04C61EC047E900B3BC37 /* Assets.xcassets in Resources */,
				AB8E85051EA9AAE1003DDDD5 /* Main.storyboard in Resources */,
			);
			runOnlyForDeploymentPostprocessing = 0;
		};
/* End PBXResourcesBuildPhase section */

/* Begin PBXShellScriptBuildPhase section */
		4CDB24D73A3C836B7024EB85 /* [CP] Copy Pods Resources */ = {
			isa = PBXShellScriptBuildPhase;
			buildActionMask = 2147483647;
			files = (
			);
			inputPaths = (
			);
			name = "[CP] Copy Pods Resources";
			outputPaths = (
			);
			runOnlyForDeploymentPostprocessing = 0;
			shellPath = /bin/sh;
			shellScript = "\"${SRCROOT}/Pods/Target Support Files/Pods-ComicStripApp/Pods-ComicStripApp-resources.sh\"\n";
			showEnvVarsInLog = 0;
		};
		AC3B220E7FF61314BB66091D /* [CP] Embed Pods Frameworks */ = {
			isa = PBXShellScriptBuildPhase;
			buildActionMask = 2147483647;
			files = (
			);
			inputPaths = (
			);
			name = "[CP] Embed Pods Frameworks";
			outputPaths = (
			);
			runOnlyForDeploymentPostprocessing = 0;
			shellPath = /bin/sh;
			shellScript = "\"${SRCROOT}/Pods/Target Support Files/Pods-ComicStripApp/Pods-ComicStripApp-frameworks.sh\"\n";
			showEnvVarsInLog = 0;
		};
		D018717E0471DF9B953DF1B1 /* [CP] Check Pods Manifest.lock */ = {
			isa = PBXShellScriptBuildPhase;
			buildActionMask = 2147483647;
			files = (
			);
			inputPaths = (
			);
			name = "[CP] Check Pods Manifest.lock";
			outputPaths = (
			);
			runOnlyForDeploymentPostprocessing = 0;
			shellPath = /bin/sh;
			shellScript = "diff \"${PODS_ROOT}/../Podfile.lock\" \"${PODS_ROOT}/Manifest.lock\" > /dev/null\nif [ $? != 0 ] ; then\n    # print error to STDERR\n    echo \"error: The sandbox is not in sync with the Podfile.lock. Run 'pod install' or update your CocoaPods installation.\" >&2\n    exit 1\nfi\n";
			showEnvVarsInLog = 0;
		};
/* End PBXShellScriptBuildPhase section */

/* Begin PBXSourcesBuildPhase section */
		AB8E84F81EA9AAE0003DDDD5 /* Sources */ = {
			isa = PBXSourcesBuildPhase;
			buildActionMask = 2147483647;
			files = (
				AB14F8911EBD8E2500B5FBBE /* BaseDialogBubble.swift in Sources */,
				ABAA17121EB4F7F800C96694 /* ComicElementSelectionViewController.swift in Sources */,
				ABAA17161EB5135400C96694 /* ComicFrame.swift in Sources */,
				AB046A691EC3E06900249542 /* ComicStripPhotoAlbum.swift in Sources */,
				AB046A731EC41D5C00249542 /* ComicStripContainer.swift in Sources */,
				ABAA171E1EB63D2100C96694 /* SoundEffect.swift in Sources */,
				B339271D1EB8BD2800B452D9 /* ComicboardViewController.swift in Sources */,
				ABFD5D6B1EC2F705006BB646 /* ComicStrip.swift in Sources */,
				AB25F31B1EC3A31700BBD66D /* ComicStripLayoutSelectionViewController.swift in Sources */,
				ABAA16FF1EB1CD5B00C96694 /* ComicStylingToolbar.swift in Sources */,
				AB25F3201EC3A74300BBD66D /* ComicStripCell.swift in Sources */,
				AB9282CB1EBFCCF30039B55C /* UIImageExtensions.swift in Sources */,
				B37A1A431EBCFE64007C615F /* Utils.swift in Sources */,
				ABAA17061EB1DEBB00C96694 /* ThoughtBubble.swift in Sources */,
				AB8E85181EA9AC49003DDDD5 /* MainViewController.swift in Sources */,
				ABAA17141EB4FE6F00C96694 /* ComicFrameElementCell.swift in Sources */,
				AB8E85081EA9AAE1003DDDD5 /* ComicStripApp.xcdatamodeld in Sources */,
				ABAA171A1EB6344A00C96694 /* UIViewExtensions.swift in Sources */,
				AB046A6E1EC3E82A00249542 /* ComicToolbarButton.swift in Sources */,
				ABAA17201EB6507300C96694 /* ClassicSpeechBubble.swift in Sources */,
				AB8E85001EA9AAE1003DDDD5 /* AppDelegate.swift in Sources */,
			);
			runOnlyForDeploymentPostprocessing = 0;
		};
/* End PBXSourcesBuildPhase section */

/* Begin PBXTargetDependency section */
		AB325B001EB1A36F0037C3BE /* PBXTargetDependency */ = {
			isa = PBXTargetDependency;
			name = GPUImage_iOS;
			targetProxy = AB325AFF1EB1A36F0037C3BE /* PBXContainerItemProxy */;
		};
/* End PBXTargetDependency section */

/* Begin PBXVariantGroup section */
		AB8E85031EA9AAE1003DDDD5 /* Main.storyboard */ = {
			isa = PBXVariantGroup;
			children = (
				AB8E85041EA9AAE1003DDDD5 /* Base */,
			);
			name = Main.storyboard;
			sourceTree = "<group>";
		};
		AB8E850B1EA9AAE1003DDDD5 /* LaunchScreen.storyboard */ = {
			isa = PBXVariantGroup;
			children = (
				AB8E850C1EA9AAE1003DDDD5 /* Base */,
			);
			name = LaunchScreen.storyboard;
			sourceTree = "<group>";
		};
/* End PBXVariantGroup section */

/* Begin XCBuildConfiguration section */
		AB8E850F1EA9AAE1003DDDD5 /* Debug */ = {
			isa = XCBuildConfiguration;
			buildSettings = {
				ALWAYS_SEARCH_USER_PATHS = NO;
				CLANG_ANALYZER_NONNULL = YES;
				CLANG_ANALYZER_NUMBER_OBJECT_CONVERSION = YES_AGGRESSIVE;
				CLANG_CXX_LANGUAGE_STANDARD = "gnu++0x";
				CLANG_CXX_LIBRARY = "libc++";
				CLANG_ENABLE_MODULES = YES;
				CLANG_ENABLE_OBJC_ARC = YES;
				CLANG_WARN_BOOL_CONVERSION = YES;
				CLANG_WARN_CONSTANT_CONVERSION = YES;
				CLANG_WARN_DIRECT_OBJC_ISA_USAGE = YES_ERROR;
				CLANG_WARN_DOCUMENTATION_COMMENTS = YES;
				CLANG_WARN_EMPTY_BODY = YES;
				CLANG_WARN_ENUM_CONVERSION = YES;
				CLANG_WARN_INFINITE_RECURSION = YES;
				CLANG_WARN_INT_CONVERSION = YES;
				CLANG_WARN_OBJC_ROOT_CLASS = YES_ERROR;
				CLANG_WARN_SUSPICIOUS_MOVE = YES;
				CLANG_WARN_UNREACHABLE_CODE = YES;
				CLANG_WARN__DUPLICATE_METHOD_MATCH = YES;
				"CODE_SIGN_IDENTITY[sdk=iphoneos*]" = "iPhone Developer";
				COPY_PHASE_STRIP = NO;
				DEBUG_INFORMATION_FORMAT = dwarf;
				ENABLE_STRICT_OBJC_MSGSEND = YES;
				ENABLE_TESTABILITY = YES;
				GCC_C_LANGUAGE_STANDARD = gnu99;
				GCC_DYNAMIC_NO_PIC = NO;
				GCC_NO_COMMON_BLOCKS = YES;
				GCC_OPTIMIZATION_LEVEL = 0;
				GCC_PREPROCESSOR_DEFINITIONS = (
					"DEBUG=1",
					"$(inherited)",
				);
				GCC_WARN_64_TO_32_BIT_CONVERSION = YES;
				GCC_WARN_ABOUT_RETURN_TYPE = YES_ERROR;
				GCC_WARN_UNDECLARED_SELECTOR = YES;
				GCC_WARN_UNINITIALIZED_AUTOS = YES_AGGRESSIVE;
				GCC_WARN_UNUSED_FUNCTION = YES;
				GCC_WARN_UNUSED_VARIABLE = YES;
				IPHONEOS_DEPLOYMENT_TARGET = 10.3;
				MTL_ENABLE_DEBUG_INFO = YES;
				ONLY_ACTIVE_ARCH = YES;
				SDKROOT = iphoneos;
				SWIFT_ACTIVE_COMPILATION_CONDITIONS = DEBUG;
				SWIFT_OPTIMIZATION_LEVEL = "-Onone";
				TARGETED_DEVICE_FAMILY = "1,2";
			};
			name = Debug;
		};
		AB8E85101EA9AAE1003DDDD5 /* Release */ = {
			isa = XCBuildConfiguration;
			buildSettings = {
				ALWAYS_SEARCH_USER_PATHS = NO;
				CLANG_ANALYZER_NONNULL = YES;
				CLANG_ANALYZER_NUMBER_OBJECT_CONVERSION = YES_AGGRESSIVE;
				CLANG_CXX_LANGUAGE_STANDARD = "gnu++0x";
				CLANG_CXX_LIBRARY = "libc++";
				CLANG_ENABLE_MODULES = YES;
				CLANG_ENABLE_OBJC_ARC = YES;
				CLANG_WARN_BOOL_CONVERSION = YES;
				CLANG_WARN_CONSTANT_CONVERSION = YES;
				CLANG_WARN_DIRECT_OBJC_ISA_USAGE = YES_ERROR;
				CLANG_WARN_DOCUMENTATION_COMMENTS = YES;
				CLANG_WARN_EMPTY_BODY = YES;
				CLANG_WARN_ENUM_CONVERSION = YES;
				CLANG_WARN_INFINITE_RECURSION = YES;
				CLANG_WARN_INT_CONVERSION = YES;
				CLANG_WARN_OBJC_ROOT_CLASS = YES_ERROR;
				CLANG_WARN_SUSPICIOUS_MOVE = YES;
				CLANG_WARN_UNREACHABLE_CODE = YES;
				CLANG_WARN__DUPLICATE_METHOD_MATCH = YES;
				"CODE_SIGN_IDENTITY[sdk=iphoneos*]" = "iPhone Developer";
				COPY_PHASE_STRIP = NO;
				DEBUG_INFORMATION_FORMAT = "dwarf-with-dsym";
				ENABLE_NS_ASSERTIONS = NO;
				ENABLE_STRICT_OBJC_MSGSEND = YES;
				GCC_C_LANGUAGE_STANDARD = gnu99;
				GCC_NO_COMMON_BLOCKS = YES;
				GCC_WARN_64_TO_32_BIT_CONVERSION = YES;
				GCC_WARN_ABOUT_RETURN_TYPE = YES_ERROR;
				GCC_WARN_UNDECLARED_SELECTOR = YES;
				GCC_WARN_UNINITIALIZED_AUTOS = YES_AGGRESSIVE;
				GCC_WARN_UNUSED_FUNCTION = YES;
				GCC_WARN_UNUSED_VARIABLE = YES;
				IPHONEOS_DEPLOYMENT_TARGET = 10.3;
				MTL_ENABLE_DEBUG_INFO = NO;
				SDKROOT = iphoneos;
				SWIFT_OPTIMIZATION_LEVEL = "-Owholemodule";
				TARGETED_DEVICE_FAMILY = "1,2";
				VALIDATE_PRODUCT = YES;
			};
			name = Release;
		};
		AB8E85121EA9AAE1003DDDD5 /* Debug */ = {
			isa = XCBuildConfiguration;
			baseConfigurationReference = 593970CE05D7696B8DE3048C /* Pods-ComicStripApp.debug.xcconfig */;
			buildSettings = {
				ASSETCATALOG_COMPILER_APPICON_NAME = AppIcon;
				DEVELOPMENT_TEAM = 77743F68A6;
				INFOPLIST_FILE = ComicStripApp/Info.plist;
				IPHONEOS_DEPLOYMENT_TARGET = 10.0;
				LD_RUNPATH_SEARCH_PATHS = "$(inherited) @executable_path/Frameworks";
				PRODUCT_BUNDLE_IDENTIFIER = com.comicstripclub.ComicStripApp;
				PRODUCT_NAME = "$(TARGET_NAME)";
				SWIFT_VERSION = 3.0;
			};
			name = Debug;
		};
		AB8E85131EA9AAE1003DDDD5 /* Release */ = {
			isa = XCBuildConfiguration;
			baseConfigurationReference = AEDDE2EA28187AF0C7D8D4B7 /* Pods-ComicStripApp.release.xcconfig */;
			buildSettings = {
				ASSETCATALOG_COMPILER_APPICON_NAME = AppIcon;
				DEVELOPMENT_TEAM = 77743F68A6;
				INFOPLIST_FILE = ComicStripApp/Info.plist;
				IPHONEOS_DEPLOYMENT_TARGET = 10.0;
				LD_RUNPATH_SEARCH_PATHS = "$(inherited) @executable_path/Frameworks";
				PRODUCT_BUNDLE_IDENTIFIER = com.comicstripclub.ComicStripApp;
				PRODUCT_NAME = "$(TARGET_NAME)";
				SWIFT_VERSION = 3.0;
			};
			name = Release;
		};
/* End XCBuildConfiguration section */

/* Begin XCConfigurationList section */
		AB8E84F71EA9AAE0003DDDD5 /* Build configuration list for PBXProject "ComicStripApp" */ = {
			isa = XCConfigurationList;
			buildConfigurations = (
				AB8E850F1EA9AAE1003DDDD5 /* Debug */,
				AB8E85101EA9AAE1003DDDD5 /* Release */,
			);
			defaultConfigurationIsVisible = 0;
			defaultConfigurationName = Release;
		};
		AB8E85111EA9AAE1003DDDD5 /* Build configuration list for PBXNativeTarget "ComicStripApp" */ = {
			isa = XCConfigurationList;
			buildConfigurations = (
				AB8E85121EA9AAE1003DDDD5 /* Debug */,
				AB8E85131EA9AAE1003DDDD5 /* Release */,
			);
			defaultConfigurationIsVisible = 0;
			defaultConfigurationName = Release;
		};
/* End XCConfigurationList section */

/* Begin XCVersionGroup section */
		AB8E85061EA9AAE1003DDDD5 /* ComicStripApp.xcdatamodeld */ = {
			isa = XCVersionGroup;
			children = (
				AB8E85071EA9AAE1003DDDD5 /* ComicStripApp.xcdatamodel */,
			);
			currentVersion = AB8E85071EA9AAE1003DDDD5 /* ComicStripApp.xcdatamodel */;
			path = ComicStripApp.xcdatamodeld;
			sourceTree = "<group>";
			versionGroupType = wrapper.xcdatamodel;
		};
/* End XCVersionGroup section */
	};
	rootObject = AB8E84F41EA9AAE0003DDDD5 /* Project object */;
}
